
Microsoft Visual Studio Solution File, Format Version 12.00
# Visual Studio Version 17
VisualStudioVersion = 17.8.34322.80
MinimumVisualStudioVersion = 10.0.40219.1
Project("{FAE04EC0-301F-11D3-BF4B-00C04F79EFBC}") = "Datastrukturer", "Datastrukturer\Datastrukturer.csproj", "{120F7799-14D8-4AF4-AECD-2ED972D8EEE2}"
EndProject
Project("{FAE04EC0-301F-11D3-BF4B-00C04F79EFBC}") = "DataStrukturerApp", "DataStrukturerApp\DataStrukturerApp.csproj", "{87CEE632-DB97-40F6-8D9D-26021C1DA52D}"
EndProject
Global
	GlobalSection(SolutionConfigurationPlatforms) = preSolution
		Debug|Any CPU = Debug|Any CPU
		Release|Any CPU = Release|Any CPU
	EndGlobalSection
	GlobalSection(ProjectConfigurationPlatforms) = postSolution
		{120F7799-14D8-4AF4-AECD-2ED972D8EEE2}.Debug|Any CPU.ActiveCfg = Debug|Any CPU
		{120F7799-14D8-4AF4-AECD-2ED972D8EEE2}.Debug|Any CPU.Build.0 = Debug|Any CPU
		{120F7799-14D8-4AF4-AECD-2ED972D8EEE2}.Release|Any CPU.ActiveCfg = Release|Any CPU
		{120F7799-14D8-4AF4-AECD-2ED972D8EEE2}.Release|Any CPU.Build.0 = Release|Any CPU
		{87CEE632-DB97-40F6-8D9D-26021C1DA52D}.Debug|Any CPU.ActiveCfg = Debug|Any CPU
		{87CEE632-DB97-40F6-8D9D-26021C1DA52D}.Debug|Any CPU.Build.0 = Debug|Any CPU
		{87CEE632-DB97-40F6-8D9D-26021C1DA52D}.Release|Any CPU.ActiveCfg = Release|Any CPU
		{87CEE632-DB97-40F6-8D9D-26021C1DA52D}.Release|Any CPU.Build.0 = Release|Any CPU
	EndGlobalSection
	GlobalSection(SolutionProperties) = preSolution
		HideSolutionNode = FALSE
	EndGlobalSection
	GlobalSection(ExtensibilityGlobals) = postSolution
		SolutionGuid = {C8688E6A-19DE-4484-9EBE-8B606A45E708}
	EndGlobalSection
EndGlobal
