
Microsoft Visual Studio Solution File, Format Version 12.00
# Visual Studio Version 17
VisualStudioVersion = 17.8.34322.80
MinimumVisualStudioVersion = 10.0.40219.1
Project("{FAE04EC0-301F-11D3-BF4B-00C04F79EFBC}") = "FrugtLib", "FrugtLib\FrugtLib.csproj", "{E038415B-8FE8-40FC-A40B-82387CE5019F}"
EndProject
Project("{FAE04EC0-301F-11D3-BF4B-00C04F79EFBC}") = "FrugtApp", "FrugtApp\FrugtApp.csproj", "{08CFF438-00FF-4D08-B0AB-67F30C551974}"
EndProject
Global
	GlobalSection(SolutionConfigurationPlatforms) = preSolution
		Debug|Any CPU = Debug|Any CPU
		Release|Any CPU = Release|Any CPU
	EndGlobalSection
	GlobalSection(ProjectConfigurationPlatforms) = postSolution
		{E038415B-8FE8-40FC-A40B-82387CE5019F}.Debug|Any CPU.ActiveCfg = Debug|Any CPU
		{E038415B-8FE8-40FC-A40B-82387CE5019F}.Debug|Any CPU.Build.0 = Debug|Any CPU
		{E038415B-8FE8-40FC-A40B-82387CE5019F}.Release|Any CPU.ActiveCfg = Release|Any CPU
		{E038415B-8FE8-40FC-A40B-82387CE5019F}.Release|Any CPU.Build.0 = Release|Any CPU
		{08CFF438-00FF-4D08-B0AB-67F30C551974}.Debug|Any CPU.ActiveCfg = Debug|Any CPU
		{08CFF438-00FF-4D08-B0AB-67F30C551974}.Debug|Any CPU.Build.0 = Debug|Any CPU
		{08CFF438-00FF-4D08-B0AB-67F30C551974}.Release|Any CPU.ActiveCfg = Release|Any CPU
		{08CFF438-00FF-4D08-B0AB-67F30C551974}.Release|Any CPU.Build.0 = Release|Any CPU
	EndGlobalSection
	GlobalSection(SolutionProperties) = preSolution
		HideSolutionNode = FALSE
	EndGlobalSection
	GlobalSection(ExtensibilityGlobals) = postSolution
		SolutionGuid = {604F1676-039B-4EA2-9E62-16E801EF2D3B}
	EndGlobalSection
EndGlobal
