
Microsoft Visual Studio Solution File, Format Version 12.00
# Visual Studio Version 17
VisualStudioVersion = 17.8.34322.80
MinimumVisualStudioVersion = 10.0.40219.1
Project("{FAE04EC0-301F-11D3-BF4B-00C04F79EFBC}") = "ConsoleApplication", "BowlingSql\ConsoleApplication.csproj", "{FE1CEE9C-499A-484B-95ED-B0E1A553994D}"
EndProject
Project("{FAE04EC0-301F-11D3-BF4B-00C04F79EFBC}") = "ClassLibrary", "ClassLibrary\ClassLibrary.csproj", "{BF151137-6D9D-4AAF-AAB2-157C1CE45DAD}"
EndProject
Global
	GlobalSection(SolutionConfigurationPlatforms) = preSolution
		Debug|Any CPU = Debug|Any CPU
		Release|Any CPU = Release|Any CPU
	EndGlobalSection
	GlobalSection(ProjectConfigurationPlatforms) = postSolution
		{FE1CEE9C-499A-484B-95ED-B0E1A553994D}.Debug|Any CPU.ActiveCfg = Debug|Any CPU
		{FE1CEE9C-499A-484B-95ED-B0E1A553994D}.Debug|Any CPU.Build.0 = Debug|Any CPU
		{FE1CEE9C-499A-484B-95ED-B0E1A553994D}.Release|Any CPU.ActiveCfg = Release|Any CPU
		{FE1CEE9C-499A-484B-95ED-B0E1A553994D}.Release|Any CPU.Build.0 = Release|Any CPU
		{BF151137-6D9D-4AAF-AAB2-157C1CE45DAD}.Debug|Any CPU.ActiveCfg = Debug|Any CPU
		{BF151137-6D9D-4AAF-AAB2-157C1CE45DAD}.Debug|Any CPU.Build.0 = Debug|Any CPU
		{BF151137-6D9D-4AAF-AAB2-157C1CE45DAD}.Release|Any CPU.ActiveCfg = Release|Any CPU
		{BF151137-6D9D-4AAF-AAB2-157C1CE45DAD}.Release|Any CPU.Build.0 = Release|Any CPU
	EndGlobalSection
	GlobalSection(SolutionProperties) = preSolution
		HideSolutionNode = FALSE
	EndGlobalSection
	GlobalSection(ExtensibilityGlobals) = postSolution
		SolutionGuid = {1E0B8A81-AFE8-4894-BA73-96EE5A2E9FAD}
	EndGlobalSection
EndGlobal
